
Microsoft Visual Studio Solution File, Format Version 12.00
# Visual Studio Version 16
VisualStudioVersion = 16.0.32106.194
MinimumVisualStudioVersion = 10.0.40219.1
Project("{FAE04EC0-301F-11D3-BF4B-00C04F79EFBC}") = "Task9-1", "Task9-1.csproj", "{29AE12BA-91D5-4982-B6E5-5DB8F715979D}"
EndProject
Global
	GlobalSection(SolutionConfigurationPlatforms) = preSolution
		Debug|Any CPU = Debug|Any CPU
		Release|Any CPU = Release|Any CPU
	EndGlobalSection
	GlobalSection(ProjectConfigurationPlatforms) = postSolution
		{29AE12BA-91D5-4982-B6E5-5DB8F715979D}.Debug|Any CPU.ActiveCfg = Debug|Any CPU
		{29AE12BA-91D5-4982-B6E5-5DB8F715979D}.Debug|Any CPU.Build.0 = Debug|Any CPU
		{29AE12BA-91D5-4982-B6E5-5DB8F715979D}.Release|Any CPU.ActiveCfg = Release|Any CPU
		{29AE12BA-91D5-4982-B6E5-5DB8F715979D}.Release|Any CPU.Build.0 = Release|Any CPU
	EndGlobalSection
	GlobalSection(SolutionProperties) = preSolution
		HideSolutionNode = FALSE
	EndGlobalSection
	GlobalSection(ExtensibilityGlobals) = postSolution
		SolutionGuid = {C5F05835-2240-4E39-BE5D-AFBF819B3FC8}
	EndGlobalSection
EndGlobal
